
Microsoft Visual Studio Solution File, Format Version 12.00
# Visual Studio Version 16
VisualStudioVersion = 16.0.31410.357
MinimumVisualStudioVersion = 10.0.40219.1
Project("{9A19103F-16F7-4668-BE54-9A1E7A4F7556}") = "Seq.App.EventTimeout", "Seq.App.EventTimeout\Seq.App.EventTimeout.csproj", "{7A3F9628-E56A-46B1-A439-E99408AC9E5A}"
EndProject
Project("{FAE04EC0-301F-11D3-BF4B-00C04F79EFBC}") = "Seq.App.EventTimeout.Tests", "Seq.App.EventTimeout.Tests\Seq.App.EventTimeout.Tests.csproj", "{D182A7D1-B0F4-4D0F-B476-4C15D32993EF}"
EndProject
Global
	GlobalSection(SolutionConfigurationPlatforms) = preSolution
		Debug|Any CPU = Debug|Any CPU
		Release|Any CPU = Release|Any CPU
	EndGlobalSection
	GlobalSection(ProjectConfigurationPlatforms) = postSolution
		{7A3F9628-E56A-46B1-A439-E99408AC9E5A}.Debug|Any CPU.ActiveCfg = Debug|Any CPU
		{7A3F9628-E56A-46B1-A439-E99408AC9E5A}.Debug|Any CPU.Build.0 = Debug|Any CPU
		{7A3F9628-E56A-46B1-A439-E99408AC9E5A}.Release|Any CPU.ActiveCfg = Release|Any CPU
		{7A3F9628-E56A-46B1-A439-E99408AC9E5A}.Release|Any CPU.Build.0 = Release|Any CPU
		{D182A7D1-B0F4-4D0F-B476-4C15D32993EF}.Debug|Any CPU.ActiveCfg = Debug|Any CPU
		{D182A7D1-B0F4-4D0F-B476-4C15D32993EF}.Debug|Any CPU.Build.0 = Debug|Any CPU
		{D182A7D1-B0F4-4D0F-B476-4C15D32993EF}.Release|Any CPU.ActiveCfg = Release|Any CPU
		{D182A7D1-B0F4-4D0F-B476-4C15D32993EF}.Release|Any CPU.Build.0 = Release|Any CPU
	EndGlobalSection
	GlobalSection(SolutionProperties) = preSolution
		HideSolutionNode = FALSE
	EndGlobalSection
	GlobalSection(ExtensibilityGlobals) = postSolution
		SolutionGuid = {E04FADCB-0872-49FC-82C1-2AFEE7EBA818}
	EndGlobalSection
EndGlobal
